// !$*UTF8*$!
{
	archiveVersion = 1;
	classes = {
	};
	objectVersion = 56;
	objects = {

/* Begin PBXBuildFile section */
		7B3789B22AE293080001EC9B /* Display.storyboard in Resources */ = {isa = PBXBuildFile; fileRef = 7B3789B12AE293080001EC9B /* Display.storyboard */; };
		7B3789B52AE297F20001EC9B /* Customer.storyboard in Resources */ = {isa = PBXBuildFile; fileRef = 7B3789B42AE297F20001EC9B /* Customer.storyboard */; };
		7B7392802AE38E3C00E3A968 /* PersistenceService.swift in Sources */ = {isa = PBXBuildFile; fileRef = 7B73927F2AE38E3C00E3A968 /* PersistenceService.swift */; };
		7BA0E4462AE105A200CDA322 /* AppDelegate.swift in Sources */ = {isa = PBXBuildFile; fileRef = 7BA0E4452AE105A200CDA322 /* AppDelegate.swift */; };
		7BA0E4482AE105A200CDA322 /* SceneDelegate.swift in Sources */ = {isa = PBXBuildFile; fileRef = 7BA0E4472AE105A200CDA322 /* SceneDelegate.swift */; };
		7BA0E44A2AE105A200CDA322 /* LogInVC.swift in Sources */ = {isa = PBXBuildFile; fileRef = 7BA0E4492AE105A200CDA322 /* LogInVC.swift */; };
		7BA0E44D2AE105A200CDA322 /* LogIn.storyboard in Resources */ = {isa = PBXBuildFile; fileRef = 7BA0E44B2AE105A200CDA322 /* LogIn.storyboard */; };
		7BA0E4502AE105A200CDA322 /* GenericCateringSystem.xcdatamodeld in Sources */ = {isa = PBXBuildFile; fileRef = 7BA0E44E2AE105A200CDA322 /* GenericCateringSystem.xcdatamodeld */; };
		7BA0E4522AE105A300CDA322 /* Assets.xcassets in Resources */ = {isa = PBXBuildFile; fileRef = 7BA0E4512AE105A300CDA322 /* Assets.xcassets */; };
		7BA0E4622AE15F2400CDA322 /* ConfigVC.swift in Sources */ = {isa = PBXBuildFile; fileRef = 7BA0E4612AE15F2400CDA322 /* ConfigVC.swift */; };
		7BA0E4652AE16A5300CDA322 /* Casher.storyboard in Resources */ = {isa = PBXBuildFile; fileRef = 7BA0E4642AE16A5300CDA322 /* Casher.storyboard */; };
		7BA0E4692AE175C400CDA322 /* EatIn.storyboard in Resources */ = {isa = PBXBuildFile; fileRef = 7BA0E4682AE175C400CDA322 /* EatIn.storyboard */; };
		7BA0E46B2AE1762E00CDA322 /* TakeOut.storyboard in Resources */ = {isa = PBXBuildFile; fileRef = 7BA0E46A2AE1762E00CDA322 /* TakeOut.storyboard */; };
		7BA0E46D2AE1768400CDA322 /* HistoricalOrders.storyboard in Resources */ = {isa = PBXBuildFile; fileRef = 7BA0E46C2AE1768400CDA322 /* HistoricalOrders.storyboard */; };
		7BE778242AF48B1200BE47FA /* LogInVCViewModel.swift in Sources */ = {isa = PBXBuildFile; fileRef = 7BE778232AF48B1200BE47FA /* LogInVCViewModel.swift */; };
		7BE778272AF4986700BE47FA /* Viewcontroller+Ext.swift in Sources */ = {isa = PBXBuildFile; fileRef = 7BE778262AF4986700BE47FA /* Viewcontroller+Ext.swift */; };
		7BE7782B2AF4E47100BE47FA /* ConfigVCViewModel.swift in Sources */ = {isa = PBXBuildFile; fileRef = 7BE7782A2AF4E47100BE47FA /* ConfigVCViewModel.swift */; };
		7BE778522AF52F6300BE47FA /* Category+CoreDataClass.swift in Sources */ = {isa = PBXBuildFile; fileRef = 7BE778482AF52F6300BE47FA /* Category+CoreDataClass.swift */; };
		7BE778532AF52F6300BE47FA /* Category+CoreDataProperties.swift in Sources */ = {isa = PBXBuildFile; fileRef = 7BE778492AF52F6300BE47FA /* Category+CoreDataProperties.swift */; };
		7BE778542AF52F6300BE47FA /* Device+CoreDataClass.swift in Sources */ = {isa = PBXBuildFile; fileRef = 7BE7784A2AF52F6300BE47FA /* Device+CoreDataClass.swift */; };
		7BE778552AF52F6300BE47FA /* Device+CoreDataProperties.swift in Sources */ = {isa = PBXBuildFile; fileRef = 7BE7784B2AF52F6300BE47FA /* Device+CoreDataProperties.swift */; };
		7BE778562AF52F6300BE47FA /* Item+CoreDataClass.swift in Sources */ = {isa = PBXBuildFile; fileRef = 7BE7784C2AF52F6300BE47FA /* Item+CoreDataClass.swift */; };
		7BE778572AF52F6300BE47FA /* Item+CoreDataProperties.swift in Sources */ = {isa = PBXBuildFile; fileRef = 7BE7784D2AF52F6300BE47FA /* Item+CoreDataProperties.swift */; };
		7BE778592AF62D5900BE47FA /* AccountVC.swift in Sources */ = {isa = PBXBuildFile; fileRef = 7BE778582AF62D5900BE47FA /* AccountVC.swift */; };
		7BE7785B2AF62DD700BE47FA /* AccountVCViewModel.swift in Sources */ = {isa = PBXBuildFile; fileRef = 7BE7785A2AF62DD700BE47FA /* AccountVCViewModel.swift */; };
		7BE7785E2AF6324300BE47FA /* TextField+Ext.swift in Sources */ = {isa = PBXBuildFile; fileRef = 7BE7785D2AF6324300BE47FA /* TextField+Ext.swift */; };
		7BE778602AF647BF00BE47FA /* AccountCell.swift in Sources */ = {isa = PBXBuildFile; fileRef = 7BE7785F2AF647BF00BE47FA /* AccountCell.swift */; };
		7BE778622AF763F800BE47FA /* MenuVC.swift in Sources */ = {isa = PBXBuildFile; fileRef = 7BE778612AF763F800BE47FA /* MenuVC.swift */; };
		7BE778642AF7652D00BE47FA /* MenuVCViewModel.swift in Sources */ = {isa = PBXBuildFile; fileRef = 7BE778632AF7652D00BE47FA /* MenuVCViewModel.swift */; };
		7BF1205A2BB2BFCD002E18E8 /* ItemCell.swift in Sources */ = {isa = PBXBuildFile; fileRef = 7BF120592BB2BFCD002E18E8 /* ItemCell.swift */; };
		7BF1205C2BD4B635002E18E8 /* CategoryCell.swift in Sources */ = {isa = PBXBuildFile; fileRef = 7BF1205B2BD4B635002E18E8 /* CategoryCell.swift */; };
		7BF1205E2BD4B750002E18E8 /* OptionCell.swift in Sources */ = {isa = PBXBuildFile; fileRef = 7BF1205D2BD4B750002E18E8 /* OptionCell.swift */; };
		7BF1206B2BD8F719002E18E8 /* Order+CoreDataClass.swift in Sources */ = {isa = PBXBuildFile; fileRef = 7BF120692BD8F719002E18E8 /* Order+CoreDataClass.swift */; };
		7BF1206C2BD8F719002E18E8 /* Order+CoreDataProperties.swift in Sources */ = {isa = PBXBuildFile; fileRef = 7BF1206A2BD8F719002E18E8 /* Order+CoreDataProperties.swift */; };
		7BF1206E2BDA1AEB002E18E8 /* MenuEditVC.swift in Sources */ = {isa = PBXBuildFile; fileRef = 7BF1206D2BDA1AEB002E18E8 /* MenuEditVC.swift */; };
		7BF120702BDA1B1A002E18E8 /* MenuEditVCViewModel.swift in Sources */ = {isa = PBXBuildFile; fileRef = 7BF1206F2BDA1B1A002E18E8 /* MenuEditVCViewModel.swift */; };
		7BF120722BDA4277002E18E8 /* Helper.swift in Sources */ = {isa = PBXBuildFile; fileRef = 7BF120712BDA4277002E18E8 /* Helper.swift */; };
		7BF120742BDB5122002E18E8 /* String+Ext.swift in Sources */ = {isa = PBXBuildFile; fileRef = 7BF120732BDB5122002E18E8 /* String+Ext.swift */; };
		7BF120772BDB72B1002E18E8 /* Option+CoreDataClass.swift in Sources */ = {isa = PBXBuildFile; fileRef = 7BF120752BDB72B1002E18E8 /* Option+CoreDataClass.swift */; };
		7BF120782BDB72B1002E18E8 /* Option+CoreDataProperties.swift in Sources */ = {isa = PBXBuildFile; fileRef = 7BF120762BDB72B1002E18E8 /* Option+CoreDataProperties.swift */; };
/* End PBXBuildFile section */

/* Begin PBXFileReference section */
		7B3789B12AE293080001EC9B /* Display.storyboard */ = {isa = PBXFileReference; lastKnownFileType = file.storyboard; path = Display.storyboard; sourceTree = "<group>"; };
		7B3789B42AE297F20001EC9B /* Customer.storyboard */ = {isa = PBXFileReference; lastKnownFileType = file.storyboard; path = Customer.storyboard; sourceTree = "<group>"; };
		7B73927F2AE38E3C00E3A968 /* PersistenceService.swift */ = {isa = PBXFileReference; lastKnownFileType = sourcecode.swift; path = PersistenceService.swift; sourceTree = "<group>"; };
		7BA0E4422AE105A200CDA322 /* GenericCateringSystem.app */ = {isa = PBXFileReference; explicitFileType = wrapper.application; includeInIndex = 0; path = GenericCateringSystem.app; sourceTree = BUILT_PRODUCTS_DIR; };
		7BA0E4452AE105A200CDA322 /* AppDelegate.swift */ = {isa = PBXFileReference; lastKnownFileType = sourcecode.swift; path = AppDelegate.swift; sourceTree = "<group>"; };
		7BA0E4472AE105A200CDA322 /* SceneDelegate.swift */ = {isa = PBXFileReference; lastKnownFileType = sourcecode.swift; path = SceneDelegate.swift; sourceTree = "<group>"; };
		7BA0E4492AE105A200CDA322 /* LogInVC.swift */ = {isa = PBXFileReference; lastKnownFileType = sourcecode.swift; path = LogInVC.swift; sourceTree = "<group>"; };
		7BA0E44C2AE105A200CDA322 /* Base */ = {isa = PBXFileReference; lastKnownFileType = file.storyboard; name = Base; path = Base.lproj/LogIn.storyboard; sourceTree = "<group>"; };
		7BA0E44F2AE105A200CDA322 /* GenericCateringSystem.xcdatamodel */ = {isa = PBXFileReference; lastKnownFileType = wrapper.xcdatamodel; path = GenericCateringSystem.xcdatamodel; sourceTree = "<group>"; };
		7BA0E4512AE105A300CDA322 /* Assets.xcassets */ = {isa = PBXFileReference; lastKnownFileType = folder.assetcatalog; path = Assets.xcassets; sourceTree = "<group>"; };
		7BA0E4562AE105A300CDA322 /* Info.plist */ = {isa = PBXFileReference; lastKnownFileType = text.plist.xml; path = Info.plist; sourceTree = "<group>"; };
		7BA0E4612AE15F2400CDA322 /* ConfigVC.swift */ = {isa = PBXFileReference; lastKnownFileType = sourcecode.swift; path = ConfigVC.swift; sourceTree = "<group>"; };
		7BA0E4642AE16A5300CDA322 /* Casher.storyboard */ = {isa = PBXFileReference; lastKnownFileType = file.storyboard; path = Casher.storyboard; sourceTree = "<group>"; };
		7BA0E4682AE175C400CDA322 /* EatIn.storyboard */ = {isa = PBXFileReference; lastKnownFileType = file.storyboard; path = EatIn.storyboard; sourceTree = "<group>"; };
		7BA0E46A2AE1762E00CDA322 /* TakeOut.storyboard */ = {isa = PBXFileReference; lastKnownFileType = file.storyboard; path = TakeOut.storyboard; sourceTree = "<group>"; };
		7BA0E46C2AE1768400CDA322 /* HistoricalOrders.storyboard */ = {isa = PBXFileReference; lastKnownFileType = file.storyboard; path = HistoricalOrders.storyboard; sourceTree = "<group>"; };
		7BE778222AF3CD1700BE47FA /* GenericCateringSystem.entitlements */ = {isa = PBXFileReference; lastKnownFileType = text.plist.entitlements; path = GenericCateringSystem.entitlements; sourceTree = "<group>"; };
		7BE778232AF48B1200BE47FA /* LogInVCViewModel.swift */ = {isa = PBXFileReference; lastKnownFileType = sourcecode.swift; path = LogInVCViewModel.swift; sourceTree = "<group>"; };
		7BE778262AF4986700BE47FA /* Viewcontroller+Ext.swift */ = {isa = PBXFileReference; lastKnownFileType = sourcecode.swift; path = "Viewcontroller+Ext.swift"; sourceTree = "<group>"; };
		7BE7782A2AF4E47100BE47FA /* ConfigVCViewModel.swift */ = {isa = PBXFileReference; lastKnownFileType = sourcecode.swift; path = ConfigVCViewModel.swift; sourceTree = "<group>"; };
		7BE778482AF52F6300BE47FA /* Category+CoreDataClass.swift */ = {isa = PBXFileReference; lastKnownFileType = sourcecode.swift; path = "Category+CoreDataClass.swift"; sourceTree = "<group>"; };
		7BE778492AF52F6300BE47FA /* Category+CoreDataProperties.swift */ = {isa = PBXFileReference; lastKnownFileType = sourcecode.swift; path = "Category+CoreDataProperties.swift"; sourceTree = "<group>"; };
		7BE7784A2AF52F6300BE47FA /* Device+CoreDataClass.swift */ = {isa = PBXFileReference; lastKnownFileType = sourcecode.swift; path = "Device+CoreDataClass.swift"; sourceTree = "<group>"; };
		7BE7784B2AF52F6300BE47FA /* Device+CoreDataProperties.swift */ = {isa = PBXFileReference; lastKnownFileType = sourcecode.swift; path = "Device+CoreDataProperties.swift"; sourceTree = "<group>"; };
		7BE7784C2AF52F6300BE47FA /* Item+CoreDataClass.swift */ = {isa = PBXFileReference; lastKnownFileType = sourcecode.swift; path = "Item+CoreDataClass.swift"; sourceTree = "<group>"; };
		7BE7784D2AF52F6300BE47FA /* Item+CoreDataProperties.swift */ = {isa = PBXFileReference; lastKnownFileType = sourcecode.swift; path = "Item+CoreDataProperties.swift"; sourceTree = "<group>"; };
		7BE778582AF62D5900BE47FA /* AccountVC.swift */ = {isa = PBXFileReference; lastKnownFileType = sourcecode.swift; path = AccountVC.swift; sourceTree = "<group>"; };
		7BE7785A2AF62DD700BE47FA /* AccountVCViewModel.swift */ = {isa = PBXFileReference; lastKnownFileType = sourcecode.swift; path = AccountVCViewModel.swift; sourceTree = "<group>"; };
		7BE7785D2AF6324300BE47FA /* TextField+Ext.swift */ = {isa = PBXFileReference; lastKnownFileType = sourcecode.swift; path = "TextField+Ext.swift"; sourceTree = "<group>"; };
		7BE7785F2AF647BF00BE47FA /* AccountCell.swift */ = {isa = PBXFileReference; lastKnownFileType = sourcecode.swift; path = AccountCell.swift; sourceTree = "<group>"; };
		7BE778612AF763F800BE47FA /* MenuVC.swift */ = {isa = PBXFileReference; lastKnownFileType = sourcecode.swift; path = MenuVC.swift; sourceTree = "<group>"; };
		7BE778632AF7652D00BE47FA /* MenuVCViewModel.swift */ = {isa = PBXFileReference; lastKnownFileType = sourcecode.swift; path = MenuVCViewModel.swift; sourceTree = "<group>"; };
		7BF120592BB2BFCD002E18E8 /* ItemCell.swift */ = {isa = PBXFileReference; lastKnownFileType = sourcecode.swift; path = ItemCell.swift; sourceTree = "<group>"; };
		7BF1205B2BD4B635002E18E8 /* CategoryCell.swift */ = {isa = PBXFileReference; lastKnownFileType = sourcecode.swift; path = CategoryCell.swift; sourceTree = "<group>"; };
		7BF1205D2BD4B750002E18E8 /* OptionCell.swift */ = {isa = PBXFileReference; lastKnownFileType = sourcecode.swift; path = OptionCell.swift; sourceTree = "<group>"; };
		7BF120692BD8F719002E18E8 /* Order+CoreDataClass.swift */ = {isa = PBXFileReference; lastKnownFileType = sourcecode.swift; path = "Order+CoreDataClass.swift"; sourceTree = "<group>"; };
		7BF1206A2BD8F719002E18E8 /* Order+CoreDataProperties.swift */ = {isa = PBXFileReference; lastKnownFileType = sourcecode.swift; path = "Order+CoreDataProperties.swift"; sourceTree = "<group>"; };
		7BF1206D2BDA1AEB002E18E8 /* MenuEditVC.swift */ = {isa = PBXFileReference; lastKnownFileType = sourcecode.swift; path = MenuEditVC.swift; sourceTree = "<group>"; };
		7BF1206F2BDA1B1A002E18E8 /* MenuEditVCViewModel.swift */ = {isa = PBXFileReference; lastKnownFileType = sourcecode.swift; path = MenuEditVCViewModel.swift; sourceTree = "<group>"; };
		7BF120712BDA4277002E18E8 /* Helper.swift */ = {isa = PBXFileReference; lastKnownFileType = sourcecode.swift; path = Helper.swift; sourceTree = "<group>"; };
		7BF120732BDB5122002E18E8 /* String+Ext.swift */ = {isa = PBXFileReference; lastKnownFileType = sourcecode.swift; path = "String+Ext.swift"; sourceTree = "<group>"; };
		7BF120752BDB72B1002E18E8 /* Option+CoreDataClass.swift */ = {isa = PBXFileReference; lastKnownFileType = sourcecode.swift; path = "Option+CoreDataClass.swift"; sourceTree = "<group>"; };
		7BF120762BDB72B1002E18E8 /* Option+CoreDataProperties.swift */ = {isa = PBXFileReference; lastKnownFileType = sourcecode.swift; path = "Option+CoreDataProperties.swift"; sourceTree = "<group>"; };
/* End PBXFileReference section */

/* Begin PBXFrameworksBuildPhase section */
		7BA0E43F2AE105A200CDA322 /* Frameworks */ = {
			isa = PBXFrameworksBuildPhase;
			buildActionMask = 2147483647;
			files = (
			);
			runOnlyForDeploymentPostprocessing = 0;
		};
/* End PBXFrameworksBuildPhase section */

/* Begin PBXGroup section */
		7B3789B32AE293440001EC9B /* Display Device */ = {
			isa = PBXGroup;
			children = (
				7B3789B12AE293080001EC9B /* Display.storyboard */,
			);
			path = "Display Device";
			sourceTree = "<group>";
		};
		7B3789B62AE2980C0001EC9B /* Customer Device */ = {
			isa = PBXGroup;
			children = (
				7B3789B42AE297F20001EC9B /* Customer.storyboard */,
			);
			path = "Customer Device";
			sourceTree = "<group>";
		};
		7BA0E4392AE105A200CDA322 = {
			isa = PBXGroup;
			children = (
				7BA0E4442AE105A200CDA322 /* GenericCateringSystem */,
				7BA0E4432AE105A200CDA322 /* Products */,
			);
			sourceTree = "<group>";
		};
		7BA0E4432AE105A200CDA322 /* Products */ = {
			isa = PBXGroup;
			children = (
				7BA0E4422AE105A200CDA322 /* GenericCateringSystem.app */,
			);
			name = Products;
			sourceTree = "<group>";
		};
		7BA0E4442AE105A200CDA322 /* GenericCateringSystem */ = {
			isa = PBXGroup;
			children = (
				7BE778222AF3CD1700BE47FA /* GenericCateringSystem.entitlements */,
				7BA0E4562AE105A300CDA322 /* Info.plist */,
				7BA0E45C2AE105C600CDA322 /* Model */,
				7BA0E45F2AE1184500CDA322 /* View */,
				7BA0E4602AE1184E00CDA322 /* ViewModel */,
				7BA0E45D2AE105FB00CDA322 /* Others */,
			);
			path = GenericCateringSystem;
			sourceTree = "<group>";
		};
		7BA0E45C2AE105C600CDA322 /* Model */ = {
			isa = PBXGroup;
			children = (
				7BA0E44E2AE105A200CDA322 /* GenericCateringSystem.xcdatamodeld */,
				7BF120692BD8F719002E18E8 /* Order+CoreDataClass.swift */,
				7BF1206A2BD8F719002E18E8 /* Order+CoreDataProperties.swift */,
				7BE778482AF52F6300BE47FA /* Category+CoreDataClass.swift */,
				7BE778492AF52F6300BE47FA /* Category+CoreDataProperties.swift */,
				7BF120752BDB72B1002E18E8 /* Option+CoreDataClass.swift */,
				7BF120762BDB72B1002E18E8 /* Option+CoreDataProperties.swift */,
				7BE7784A2AF52F6300BE47FA /* Device+CoreDataClass.swift */,
				7BE7784B2AF52F6300BE47FA /* Device+CoreDataProperties.swift */,
				7BE7784C2AF52F6300BE47FA /* Item+CoreDataClass.swift */,
				7BE7784D2AF52F6300BE47FA /* Item+CoreDataProperties.swift */,
			);
			path = Model;
			sourceTree = "<group>";
		};
		7BA0E45D2AE105FB00CDA322 /* Others */ = {
			isa = PBXGroup;
			children = (
				7BA0E4512AE105A300CDA322 /* Assets.xcassets */,
				7BA0E4452AE105A200CDA322 /* AppDelegate.swift */,
				7BA0E4472AE105A200CDA322 /* SceneDelegate.swift */,
				7B73927F2AE38E3C00E3A968 /* PersistenceService.swift */,
				7BF120712BDA4277002E18E8 /* Helper.swift */,
				7BE7785C2AF6321F00BE47FA /* Extensions */,
			);
			path = Others;
			sourceTree = "<group>";
		};
		7BA0E45F2AE1184500CDA322 /* View */ = {
			isa = PBXGroup;
			children = (
				7BA0E4632AE15FDD00CDA322 /* Log In */,
				7BA0E46E2AE17E6000CDA322 /* Casher Device */,
				7B3789B32AE293440001EC9B /* Display Device */,
				7B3789B62AE2980C0001EC9B /* Customer Device */,
			);
			path = View;
			sourceTree = "<group>";
		};
		7BA0E4602AE1184E00CDA322 /* ViewModel */ = {
			isa = PBXGroup;
			children = (
				7BE778252AF48B1B00BE47FA /* Log In */,
				7BE778652AF7654000BE47FA /* Casher Device */,
			);
			path = ViewModel;
			sourceTree = "<group>";
		};
		7BA0E4632AE15FDD00CDA322 /* Log In */ = {
			isa = PBXGroup;
			children = (
				7BA0E44B2AE105A200CDA322 /* LogIn.storyboard */,
				7BA0E4492AE105A200CDA322 /* LogInVC.swift */,
				7BA0E4612AE15F2400CDA322 /* ConfigVC.swift */,
				7BE778582AF62D5900BE47FA /* AccountVC.swift */,
				7BE7785F2AF647BF00BE47FA /* AccountCell.swift */,
			);
			path = "Log In";
			sourceTree = "<group>";
		};
		7BA0E46E2AE17E6000CDA322 /* Casher Device */ = {
			isa = PBXGroup;
			children = (
				7BA0E4642AE16A5300CDA322 /* Casher.storyboard */,
				7BE778612AF763F800BE47FA /* MenuVC.swift */,
				7BF120592BB2BFCD002E18E8 /* ItemCell.swift */,
				7BF1205B2BD4B635002E18E8 /* CategoryCell.swift */,
				7BF1205D2BD4B750002E18E8 /* OptionCell.swift */,
				7BF1206D2BDA1AEB002E18E8 /* MenuEditVC.swift */,
				7BA0E4682AE175C400CDA322 /* EatIn.storyboard */,
				7BA0E46A2AE1762E00CDA322 /* TakeOut.storyboard */,
				7BA0E46C2AE1768400CDA322 /* HistoricalOrders.storyboard */,
			);
			path = "Casher Device";
			sourceTree = "<group>";
		};
		7BE778252AF48B1B00BE47FA /* Log In */ = {
			isa = PBXGroup;
			children = (
				7BE778232AF48B1200BE47FA /* LogInVCViewModel.swift */,
				7BE7782A2AF4E47100BE47FA /* ConfigVCViewModel.swift */,
				7BE7785A2AF62DD700BE47FA /* AccountVCViewModel.swift */,
			);
			path = "Log In";
			sourceTree = "<group>";
		};
		7BE7785C2AF6321F00BE47FA /* Extensions */ = {
			isa = PBXGroup;
			children = (
				7BE778262AF4986700BE47FA /* Viewcontroller+Ext.swift */,
				7BE7785D2AF6324300BE47FA /* TextField+Ext.swift */,
				7BF120732BDB5122002E18E8 /* String+Ext.swift */,
			);
			path = Extensions;
			sourceTree = "<group>";
		};
		7BE778652AF7654000BE47FA /* Casher Device */ = {
			isa = PBXGroup;
			children = (
				7BE778662AF7655F00BE47FA /* Casher */,
			);
			path = "Casher Device";
			sourceTree = "<group>";
		};
		7BE778662AF7655F00BE47FA /* Casher */ = {
			isa = PBXGroup;
			children = (
				7BE778632AF7652D00BE47FA /* MenuVCViewModel.swift */,
				7BF1206F2BDA1B1A002E18E8 /* MenuEditVCViewModel.swift */,
			);
			path = Casher;
			sourceTree = "<group>";
		};
/* End PBXGroup section */

/* Begin PBXNativeTarget section */
		7BA0E4412AE105A200CDA322 /* GenericCateringSystem */ = {
			isa = PBXNativeTarget;
			buildConfigurationList = 7BA0E4592AE105A300CDA322 /* Build configuration list for PBXNativeTarget "GenericCateringSystem" */;
			buildPhases = (
				7BA0E43E2AE105A200CDA322 /* Sources */,
				7BA0E43F2AE105A200CDA322 /* Frameworks */,
				7BA0E4402AE105A200CDA322 /* Resources */,
			);
			buildRules = (
			);
			dependencies = (
			);
			name = GenericCateringSystem;
			productName = GenericCateringSystem;
			productReference = 7BA0E4422AE105A200CDA322 /* GenericCateringSystem.app */;
			productType = "com.apple.product-type.application";
		};
/* End PBXNativeTarget section */

/* Begin PBXProject section */
		7BA0E43A2AE105A200CDA322 /* Project object */ = {
			isa = PBXProject;
			attributes = {
				BuildIndependentTargetsInParallel = 1;
				LastSwiftUpdateCheck = 1500;
				LastUpgradeCheck = 1500;
				TargetAttributes = {
					7BA0E4412AE105A200CDA322 = {
						CreatedOnToolsVersion = 15.0.1;
					};
				};
			};
			buildConfigurationList = 7BA0E43D2AE105A200CDA322 /* Build configuration list for PBXProject "GenericCateringSystem" */;
			compatibilityVersion = "Xcode 14.0";
			developmentRegion = en;
			hasScannedForEncodings = 0;
			knownRegions = (
				en,
				Base,
			);
			mainGroup = 7BA0E4392AE105A200CDA322;
			productRefGroup = 7BA0E4432AE105A200CDA322 /* Products */;
			projectDirPath = "";
			projectRoot = "";
			targets = (
				7BA0E4412AE105A200CDA322 /* GenericCateringSystem */,
			);
		};
/* End PBXProject section */

/* Begin PBXResourcesBuildPhase section */
		7BA0E4402AE105A200CDA322 /* Resources */ = {
			isa = PBXResourcesBuildPhase;
			buildActionMask = 2147483647;
			files = (
				7BA0E4692AE175C400CDA322 /* EatIn.storyboard in Resources */,
				7BA0E4522AE105A300CDA322 /* Assets.xcassets in Resources */,
				7BA0E46B2AE1762E00CDA322 /* TakeOut.storyboard in Resources */,
				7BA0E46D2AE1768400CDA322 /* HistoricalOrders.storyboard in Resources */,
				7B3789B52AE297F20001EC9B /* Customer.storyboard in Resources */,
				7BA0E44D2AE105A200CDA322 /* LogIn.storyboard in Resources */,
				7BA0E4652AE16A5300CDA322 /* Casher.storyboard in Resources */,
				7B3789B22AE293080001EC9B /* Display.storyboard in Resources */,
			);
			runOnlyForDeploymentPostprocessing = 0;
		};
/* End PBXResourcesBuildPhase section */

/* Begin PBXSourcesBuildPhase section */
		7BA0E43E2AE105A200CDA322 /* Sources */ = {
			isa = PBXSourcesBuildPhase;
			buildActionMask = 2147483647;
			files = (
				7BF120772BDB72B1002E18E8 /* Option+CoreDataClass.swift in Sources */,
				7BF120782BDB72B1002E18E8 /* Option+CoreDataProperties.swift in Sources */,
				7BF1205A2BB2BFCD002E18E8 /* ItemCell.swift in Sources */,
				7BE7785B2AF62DD700BE47FA /* AccountVCViewModel.swift in Sources */,
				7BE778552AF52F6300BE47FA /* Device+CoreDataProperties.swift in Sources */,
				7BF1205C2BD4B635002E18E8 /* CategoryCell.swift in Sources */,
				7BE778242AF48B1200BE47FA /* LogInVCViewModel.swift in Sources */,
				7B7392802AE38E3C00E3A968 /* PersistenceService.swift in Sources */,
				7BE778622AF763F800BE47FA /* MenuVC.swift in Sources */,
				7BF120722BDA4277002E18E8 /* Helper.swift in Sources */,
				7BA0E44A2AE105A200CDA322 /* LogInVC.swift in Sources */,
				7BE7782B2AF4E47100BE47FA /* ConfigVCViewModel.swift in Sources */,
				7BA0E4502AE105A200CDA322 /* GenericCateringSystem.xcdatamodeld in Sources */,
				7BA0E4462AE105A200CDA322 /* AppDelegate.swift in Sources */,
				7BE778272AF4986700BE47FA /* Viewcontroller+Ext.swift in Sources */,
				7BE7785E2AF6324300BE47FA /* TextField+Ext.swift in Sources */,
				7BA0E4482AE105A200CDA322 /* SceneDelegate.swift in Sources */,
				7BF1206E2BDA1AEB002E18E8 /* MenuEditVC.swift in Sources */,
				7BF1205E2BD4B750002E18E8 /* OptionCell.swift in Sources */,
				7BF120702BDA1B1A002E18E8 /* MenuEditVCViewModel.swift in Sources */,
				7BA0E4622AE15F2400CDA322 /* ConfigVC.swift in Sources */,
				7BE778562AF52F6300BE47FA /* Item+CoreDataClass.swift in Sources */,
				7BF120742BDB5122002E18E8 /* String+Ext.swift in Sources */,
				7BE778572AF52F6300BE47FA /* Item+CoreDataProperties.swift in Sources */,
				7BE778642AF7652D00BE47FA /* MenuVCViewModel.swift in Sources */,
				7BF1206B2BD8F719002E18E8 /* Order+CoreDataClass.swift in Sources */,
				7BF1206C2BD8F719002E18E8 /* Order+CoreDataProperties.swift in Sources */,
				7BE778602AF647BF00BE47FA /* AccountCell.swift in Sources */,
				7BE778542AF52F6300BE47FA /* Device+CoreDataClass.swift in Sources */,
				7BE778592AF62D5900BE47FA /* AccountVC.swift in Sources */,
				7BE778522AF52F6300BE47FA /* Category+CoreDataClass.swift in Sources */,
				7BE778532AF52F6300BE47FA /* Category+CoreDataProperties.swift in Sources */,
			);
			runOnlyForDeploymentPostprocessing = 0;
		};
/* End PBXSourcesBuildPhase section */

/* Begin PBXVariantGroup section */
		7BA0E44B2AE105A200CDA322 /* LogIn.storyboard */ = {
			isa = PBXVariantGroup;
			children = (
				7BA0E44C2AE105A200CDA322 /* Base */,
			);
			name = LogIn.storyboard;
			sourceTree = "<group>";
		};
/* End PBXVariantGroup section */

/* Begin XCBuildConfiguration section */
		7BA0E4572AE105A300CDA322 /* Debug */ = {
			isa = XCBuildConfiguration;
			buildSettings = {
				ALWAYS_SEARCH_USER_PATHS = NO;
				ASSETCATALOG_COMPILER_GENERATE_SWIFT_ASSET_SYMBOL_EXTENSIONS = YES;
				CLANG_ANALYZER_NONNULL = YES;
				CLANG_ANALYZER_NUMBER_OBJECT_CONVERSION = YES_AGGRESSIVE;
				CLANG_CXX_LANGUAGE_STANDARD = "gnu++20";
				CLANG_ENABLE_MODULES = YES;
				CLANG_ENABLE_OBJC_ARC = YES;
				CLANG_ENABLE_OBJC_WEAK = YES;
				CLANG_WARN_BLOCK_CAPTURE_AUTORELEASING = YES;
				CLANG_WARN_BOOL_CONVERSION = YES;
				CLANG_WARN_COMMA = YES;
				CLANG_WARN_CONSTANT_CONVERSION = YES;
				CLANG_WARN_DEPRECATED_OBJC_IMPLEMENTATIONS = YES;
				CLANG_WARN_DIRECT_OBJC_ISA_USAGE = YES_ERROR;
				CLANG_WARN_DOCUMENTATION_COMMENTS = YES;
				CLANG_WARN_EMPTY_BODY = YES;
				CLANG_WARN_ENUM_CONVERSION = YES;
				CLANG_WARN_INFINITE_RECURSION = YES;
				CLANG_WARN_INT_CONVERSION = YES;
				CLANG_WARN_NON_LITERAL_NULL_CONVERSION = YES;
				CLANG_WARN_OBJC_IMPLICIT_RETAIN_SELF = YES;
				CLANG_WARN_OBJC_LITERAL_CONVERSION = YES;
				CLANG_WARN_OBJC_ROOT_CLASS = YES_ERROR;
				CLANG_WARN_QUOTED_INCLUDE_IN_FRAMEWORK_HEADER = YES;
				CLANG_WARN_RANGE_LOOP_ANALYSIS = YES;
				CLANG_WARN_STRICT_PROTOTYPES = YES;
				CLANG_WARN_SUSPICIOUS_MOVE = YES;
				CLANG_WARN_UNGUARDED_AVAILABILITY = YES_AGGRESSIVE;
				CLANG_WARN_UNREACHABLE_CODE = YES;
				CLANG_WARN__DUPLICATE_METHOD_MATCH = YES;
				COPY_PHASE_STRIP = NO;
				DEBUG_INFORMATION_FORMAT = dwarf;
				ENABLE_STRICT_OBJC_MSGSEND = YES;
				ENABLE_TESTABILITY = YES;
				ENABLE_USER_SCRIPT_SANDBOXING = YES;
				GCC_C_LANGUAGE_STANDARD = gnu17;
				GCC_DYNAMIC_NO_PIC = NO;
				GCC_NO_COMMON_BLOCKS = YES;
				GCC_OPTIMIZATION_LEVEL = 0;
				GCC_PREPROCESSOR_DEFINITIONS = (
					"DEBUG=1",
					"$(inherited)",
				);
				GCC_WARN_64_TO_32_BIT_CONVERSION = YES;
				GCC_WARN_ABOUT_RETURN_TYPE = YES_ERROR;
				GCC_WARN_UNDECLARED_SELECTOR = YES;
				GCC_WARN_UNINITIALIZED_AUTOS = YES_AGGRESSIVE;
				GCC_WARN_UNUSED_FUNCTION = YES;
				GCC_WARN_UNUSED_VARIABLE = YES;
				IPHONEOS_DEPLOYMENT_TARGET = 17.0;
				LOCALIZATION_PREFERS_STRING_CATALOGS = YES;
				MTL_ENABLE_DEBUG_INFO = INCLUDE_SOURCE;
				MTL_FAST_MATH = YES;
				ONLY_ACTIVE_ARCH = YES;
				SDKROOT = iphoneos;
				SWIFT_ACTIVE_COMPILATION_CONDITIONS = "DEBUG $(inherited)";
				SWIFT_OPTIMIZATION_LEVEL = "-Onone";
			};
			name = Debug;
		};
		7BA0E4582AE105A300CDA322 /* Release */ = {
			isa = XCBuildConfiguration;
			buildSettings = {
				ALWAYS_SEARCH_USER_PATHS = NO;
				ASSETCATALOG_COMPILER_GENERATE_SWIFT_ASSET_SYMBOL_EXTENSIONS = YES;
				CLANG_ANALYZER_NONNULL = YES;
				CLANG_ANALYZER_NUMBER_OBJECT_CONVERSION = YES_AGGRESSIVE;
				CLANG_CXX_LANGUAGE_STANDARD = "gnu++20";
				CLANG_ENABLE_MODULES = YES;
				CLANG_ENABLE_OBJC_ARC = YES;
				CLANG_ENABLE_OBJC_WEAK = YES;
				CLANG_WARN_BLOCK_CAPTURE_AUTORELEASING = YES;
				CLANG_WARN_BOOL_CONVERSION = YES;
				CLANG_WARN_COMMA = YES;
				CLANG_WARN_CONSTANT_CONVERSION = YES;
				CLANG_WARN_DEPRECATED_OBJC_IMPLEMENTATIONS = YES;
				CLANG_WARN_DIRECT_OBJC_ISA_USAGE = YES_ERROR;
				CLANG_WARN_DOCUMENTATION_COMMENTS = YES;
				CLANG_WARN_EMPTY_BODY = YES;
				CLANG_WARN_ENUM_CONVERSION = YES;
				CLANG_WARN_INFINITE_RECURSION = YES;
				CLANG_WARN_INT_CONVERSION = YES;
				CLANG_WARN_NON_LITERAL_NULL_CONVERSION = YES;
				CLANG_WARN_OBJC_IMPLICIT_RETAIN_SELF = YES;
				CLANG_WARN_OBJC_LITERAL_CONVERSION = YES;
				CLANG_WARN_OBJC_ROOT_CLASS = YES_ERROR;
				CLANG_WARN_QUOTED_INCLUDE_IN_FRAMEWORK_HEADER = YES;
				CLANG_WARN_RANGE_LOOP_ANALYSIS = YES;
				CLANG_WARN_STRICT_PROTOTYPES = YES;
				CLANG_WARN_SUSPICIOUS_MOVE = YES;
				CLANG_WARN_UNGUARDED_AVAILABILITY = YES_AGGRESSIVE;
				CLANG_WARN_UNREACHABLE_CODE = YES;
				CLANG_WARN__DUPLICATE_METHOD_MATCH = YES;
				COPY_PHASE_STRIP = NO;
				DEBUG_INFORMATION_FORMAT = "dwarf-with-dsym";
				ENABLE_NS_ASSERTIONS = NO;
				ENABLE_STRICT_OBJC_MSGSEND = YES;
				ENABLE_USER_SCRIPT_SANDBOXING = YES;
				GCC_C_LANGUAGE_STANDARD = gnu17;
				GCC_NO_COMMON_BLOCKS = YES;
				GCC_WARN_64_TO_32_BIT_CONVERSION = YES;
				GCC_WARN_ABOUT_RETURN_TYPE = YES_ERROR;
				GCC_WARN_UNDECLARED_SELECTOR = YES;
				GCC_WARN_UNINITIALIZED_AUTOS = YES_AGGRESSIVE;
				GCC_WARN_UNUSED_FUNCTION = YES;
				GCC_WARN_UNUSED_VARIABLE = YES;
				IPHONEOS_DEPLOYMENT_TARGET = 17.0;
				LOCALIZATION_PREFERS_STRING_CATALOGS = YES;
				MTL_ENABLE_DEBUG_INFO = NO;
				MTL_FAST_MATH = YES;
				SDKROOT = iphoneos;
				SWIFT_COMPILATION_MODE = wholemodule;
				VALIDATE_PRODUCT = YES;
			};
			name = Release;
		};
		7BA0E45A2AE105A300CDA322 /* Debug */ = {
			isa = XCBuildConfiguration;
			buildSettings = {
				ASSETCATALOG_COMPILER_APPICON_NAME = AppIcon;
				ASSETCATALOG_COMPILER_GLOBAL_ACCENT_COLOR_NAME = AccentColor;
				CODE_SIGN_ENTITLEMENTS = GenericCateringSystem/GenericCateringSystem.entitlements;
				CODE_SIGN_STYLE = Automatic;
				CURRENT_PROJECT_VERSION = 1;
				DEVELOPMENT_TEAM = 73PJ5HL78M;
				GENERATE_INFOPLIST_FILE = YES;
				INFOPLIST_FILE = GenericCateringSystem/Info.plist;
				INFOPLIST_KEY_UIApplicationSupportsIndirectInputEvents = YES;
				INFOPLIST_KEY_UILaunchStoryboardName = LaunchScreen;
				INFOPLIST_KEY_UIMainStoryboardFile = LogIn;
				INFOPLIST_KEY_UIRequiresFullScreen = YES;
				INFOPLIST_KEY_UISupportedInterfaceOrientations_iPad = "UIInterfaceOrientationLandscapeLeft UIInterfaceOrientationLandscapeRight";
				LD_RUNPATH_SEARCH_PATHS = (
					"$(inherited)",
					"@executable_path/Frameworks",
				);
				MARKETING_VERSION = 1.0;
				PRODUCT_BUNDLE_IDENTIFIER = AngusYeh.GenericCateringSystem;
				PRODUCT_NAME = "$(TARGET_NAME)";
				SUPPORTED_PLATFORMS = "iphoneos iphonesimulator";
				SUPPORTS_MACCATALYST = NO;
				SWIFT_EMIT_LOC_STRINGS = YES;
				SWIFT_VERSION = 5.0;
				TARGETED_DEVICE_FAMILY = 2;
			};
			name = Debug;
		};
		7BA0E45B2AE105A300CDA322 /* Release */ = {
			isa = XCBuildConfiguration;
			buildSettings = {
				ASSETCATALOG_COMPILER_APPICON_NAME = AppIcon;
				ASSETCATALOG_COMPILER_GLOBAL_ACCENT_COLOR_NAME = AccentColor;
				CODE_SIGN_ENTITLEMENTS = GenericCateringSystem/GenericCateringSystem.entitlements;
				CODE_SIGN_STYLE = Automatic;
				CURRENT_PROJECT_VERSION = 1;
				DEVELOPMENT_TEAM = 73PJ5HL78M;
				GENERATE_INFOPLIST_FILE = YES;
				INFOPLIST_FILE = GenericCateringSystem/Info.plist;
				INFOPLIST_KEY_UIApplicationSupportsIndirectInputEvents = YES;
				INFOPLIST_KEY_UILaunchStoryboardName = LaunchScreen;
				INFOPLIST_KEY_UIMainStoryboardFile = LogIn;
				INFOPLIST_KEY_UIRequiresFullScreen = YES;
				INFOPLIST_KEY_UISupportedInterfaceOrientations_iPad = "UIInterfaceOrientationLandscapeLeft UIInterfaceOrientationLandscapeRight";
				LD_RUNPATH_SEARCH_PATHS = (
					"$(inherited)",
					"@executable_path/Frameworks",
				);
				MARKETING_VERSION = 1.0;
				PRODUCT_BUNDLE_IDENTIFIER = AngusYeh.GenericCateringSystem;
				PRODUCT_NAME = "$(TARGET_NAME)";
				SUPPORTED_PLATFORMS = "iphoneos iphonesimulator";
				SUPPORTS_MACCATALYST = NO;
				SWIFT_EMIT_LOC_STRINGS = YES;
				SWIFT_VERSION = 5.0;
				TARGETED_DEVICE_FAMILY = 2;
			};
			name = Release;
		};
/* End XCBuildConfiguration section */

/* Begin XCConfigurationList section */
		7BA0E43D2AE105A200CDA322 /* Build configuration list for PBXProject "GenericCateringSystem" */ = {
			isa = XCConfigurationList;
			buildConfigurations = (
				7BA0E4572AE105A300CDA322 /* Debug */,
				7BA0E4582AE105A300CDA322 /* Release */,
			);
			defaultConfigurationIsVisible = 0;
			defaultConfigurationName = Release;
		};
		7BA0E4592AE105A300CDA322 /* Build configuration list for PBXNativeTarget "GenericCateringSystem" */ = {
			isa = XCConfigurationList;
			buildConfigurations = (
				7BA0E45A2AE105A300CDA322 /* Debug */,
				7BA0E45B2AE105A300CDA322 /* Release */,
			);
			defaultConfigurationIsVisible = 0;
			defaultConfigurationName = Release;
		};
/* End XCConfigurationList section */

/* Begin XCVersionGroup section */
		7BA0E44E2AE105A200CDA322 /* GenericCateringSystem.xcdatamodeld */ = {
			isa = XCVersionGroup;
			children = (
				7BA0E44F2AE105A200CDA322 /* GenericCateringSystem.xcdatamodel */,
			);
			currentVersion = 7BA0E44F2AE105A200CDA322 /* GenericCateringSystem.xcdatamodel */;
			path = GenericCateringSystem.xcdatamodeld;
			sourceTree = "<group>";
			versionGroupType = wrapper.xcdatamodel;
		};
/* End XCVersionGroup section */
	};
	rootObject = 7BA0E43A2AE105A200CDA322 /* Project object */;
}
