// !$*UTF8*$!
{
	archiveVersion = 1;
	classes = {
	};
	objectVersion = 56;
	objects = {

/* Begin PBXBuildFile section */
		7BA0E4462AE105A200CDA322 /* AppDelegate.swift in Sources */ = {isa = PBXBuildFile; fileRef = 7BA0E4452AE105A200CDA322 /* AppDelegate.swift */; };
		7BA0E4482AE105A200CDA322 /* SceneDelegate.swift in Sources */ = {isa = PBXBuildFile; fileRef = 7BA0E4472AE105A200CDA322 /* SceneDelegate.swift */; };
		7BA0E44A2AE105A200CDA322 /* LogInVC.swift in Sources */ = {isa = PBXBuildFile; fileRef = 7BA0E4492AE105A200CDA322 /* LogInVC.swift */; };
		7BA0E44D2AE105A200CDA322 /* LogIn.storyboard in Resources */ = {isa = PBXBuildFile; fileRef = 7BA0E44B2AE105A200CDA322 /* LogIn.storyboard */; };
		7BA0E4502AE105A200CDA322 /* GenericCateringSystem.xcdatamodeld in Sources */ = {isa = PBXBuildFile; fileRef = 7BA0E44E2AE105A200CDA322 /* GenericCateringSystem.xcdatamodeld */; };
		7BA0E4522AE105A300CDA322 /* Assets.xcassets in Resources */ = {isa = PBXBuildFile; fileRef = 7BA0E4512AE105A300CDA322 /* Assets.xcassets */; };
/* End PBXBuildFile section */

/* Begin PBXFileReference section */
		7BA0E4422AE105A200CDA322 /* GenericCateringSystem.app */ = {isa = PBXFileReference; explicitFileType = wrapper.application; includeInIndex = 0; path = GenericCateringSystem.app; sourceTree = BUILT_PRODUCTS_DIR; };
		7BA0E4452AE105A200CDA322 /* AppDelegate.swift */ = {isa = PBXFileReference; lastKnownFileType = sourcecode.swift; path = AppDelegate.swift; sourceTree = "<group>"; };
		7BA0E4472AE105A200CDA322 /* SceneDelegate.swift */ = {isa = PBXFileReference; lastKnownFileType = sourcecode.swift; path = SceneDelegate.swift; sourceTree = "<group>"; };
		7BA0E4492AE105A200CDA322 /* LogInVC.swift */ = {isa = PBXFileReference; lastKnownFileType = sourcecode.swift; path = LogInVC.swift; sourceTree = "<group>"; };
		7BA0E44C2AE105A200CDA322 /* Base */ = {isa = PBXFileReference; lastKnownFileType = file.storyboard; name = Base; path = Base.lproj/LogIn.storyboard; sourceTree = "<group>"; };
		7BA0E44F2AE105A200CDA322 /* GenericCateringSystem.xcdatamodel */ = {isa = PBXFileReference; lastKnownFileType = wrapper.xcdatamodel; path = GenericCateringSystem.xcdatamodel; sourceTree = "<group>"; };
		7BA0E4512AE105A300CDA322 /* Assets.xcassets */ = {isa = PBXFileReference; lastKnownFileType = folder.assetcatalog; path = Assets.xcassets; sourceTree = "<group>"; };
		7BA0E4562AE105A300CDA322 /* Info.plist */ = {isa = PBXFileReference; lastKnownFileType = text.plist.xml; path = Info.plist; sourceTree = "<group>"; };
/* End PBXFileReference section */

/* Begin PBXFrameworksBuildPhase section */
		7BA0E43F2AE105A200CDA322 /* Frameworks */ = {
			isa = PBXFrameworksBuildPhase;
			buildActionMask = 2147483647;
			files = (
			);
			runOnlyForDeploymentPostprocessing = 0;
		};
/* End PBXFrameworksBuildPhase section */

/* Begin PBXGroup section */
		7BA0E4392AE105A200CDA322 = {
			isa = PBXGroup;
			children = (
				7BA0E4442AE105A200CDA322 /* GenericCateringSystem */,
				7BA0E4432AE105A200CDA322 /* Products */,
			);
			sourceTree = "<group>";
		};
		7BA0E4432AE105A200CDA322 /* Products */ = {
			isa = PBXGroup;
			children = (
				7BA0E4422AE105A200CDA322 /* GenericCateringSystem.app */,
			);
			name = Products;
			sourceTree = "<group>";
		};
		7BA0E4442AE105A200CDA322 /* GenericCateringSystem */ = {
			isa = PBXGroup;
			children = (
				7BA0E4562AE105A300CDA322 /* Info.plist */,
				7BA0E45C2AE105C600CDA322 /* Model */,
				7BA0E45F2AE1184500CDA322 /* View */,
				7BA0E4602AE1184E00CDA322 /* ViewModel */,
				7BA0E45D2AE105FB00CDA322 /* Others */,
			);
			path = GenericCateringSystem;
			sourceTree = "<group>";
		};
		7BA0E45C2AE105C600CDA322 /* Model */ = {
			isa = PBXGroup;
			children = (
				7BA0E44E2AE105A200CDA322 /* GenericCateringSystem.xcdatamodeld */,
			);
			path = Model;
			sourceTree = "<group>";
		};
		7BA0E45D2AE105FB00CDA322 /* Others */ = {
			isa = PBXGroup;
			children = (
				7BA0E4512AE105A300CDA322 /* Assets.xcassets */,
				7BA0E4452AE105A200CDA322 /* AppDelegate.swift */,
				7BA0E4472AE105A200CDA322 /* SceneDelegate.swift */,
			);
			path = Others;
			sourceTree = "<group>";
		};
		7BA0E45F2AE1184500CDA322 /* View */ = {
			isa = PBXGroup;
			children = (
				7BA0E44B2AE105A200CDA322 /* LogIn.storyboard */,
				7BA0E4492AE105A200CDA322 /* LogInVC.swift */,
			);
			path = View;
			sourceTree = "<group>";
		};
		7BA0E4602AE1184E00CDA322 /* ViewModel */ = {
			isa = PBXGroup;
			children = (
			);
			path = ViewModel;
			sourceTree = "<group>";
		};
/* End PBXGroup section */

/* Begin PBXNativeTarget section */
		7BA0E4412AE105A200CDA322 /* GenericCateringSystem */ = {
			isa = PBXNativeTarget;
			buildConfigurationList = 7BA0E4592AE105A300CDA322 /* Build configuration list for PBXNativeTarget "GenericCateringSystem" */;
			buildPhases = (
				7BA0E43E2AE105A200CDA322 /* Sources */,
				7BA0E43F2AE105A200CDA322 /* Frameworks */,
				7BA0E4402AE105A200CDA322 /* Resources */,
			);
			buildRules = (
			);
			dependencies = (
			);
			name = GenericCateringSystem;
			productName = GenericCateringSystem;
			productReference = 7BA0E4422AE105A200CDA322 /* GenericCateringSystem.app */;
			productType = "com.apple.product-type.application";
		};
/* End PBXNativeTarget section */

/* Begin PBXProject section */
		7BA0E43A2AE105A200CDA322 /* Project object */ = {
			isa = PBXProject;
			attributes = {
				BuildIndependentTargetsInParallel = 1;
				LastSwiftUpdateCheck = 1500;
				LastUpgradeCheck = 1500;
				TargetAttributes = {
					7BA0E4412AE105A200CDA322 = {
						CreatedOnToolsVersion = 15.0.1;
					};
				};
			};
			buildConfigurationList = 7BA0E43D2AE105A200CDA322 /* Build configuration list for PBXProject "GenericCateringSystem" */;
			compatibilityVersion = "Xcode 14.0";
			developmentRegion = en;
			hasScannedForEncodings = 0;
			knownRegions = (
				en,
				Base,
			);
			mainGroup = 7BA0E4392AE105A200CDA322;
			productRefGroup = 7BA0E4432AE105A200CDA322 /* Products */;
			projectDirPath = "";
			projectRoot = "";
			targets = (
				7BA0E4412AE105A200CDA322 /* GenericCateringSystem */,
			);
		};
/* End PBXProject section */

/* Begin PBXResourcesBuildPhase section */
		7BA0E4402AE105A200CDA322 /* Resources */ = {
			isa = PBXResourcesBuildPhase;
			buildActionMask = 2147483647;
			files = (
				7BA0E4522AE105A300CDA322 /* Assets.xcassets in Resources */,
				7BA0E44D2AE105A200CDA322 /* LogIn.storyboard in Resources */,
			);
			runOnlyForDeploymentPostprocessing = 0;
		};
/* End PBXResourcesBuildPhase section */

/* Begin PBXSourcesBuildPhase section */
		7BA0E43E2AE105A200CDA322 /* Sources */ = {
			isa = PBXSourcesBuildPhase;
			buildActionMask = 2147483647;
			files = (
				7BA0E44A2AE105A200CDA322 /* LogInVC.swift in Sources */,
				7BA0E4502AE105A200CDA322 /* GenericCateringSystem.xcdatamodeld in Sources */,
				7BA0E4462AE105A200CDA322 /* AppDelegate.swift in Sources */,
				7BA0E4482AE105A200CDA322 /* SceneDelegate.swift in Sources */,
			);
			runOnlyForDeploymentPostprocessing = 0;
		};
/* End PBXSourcesBuildPhase section */

/* Begin PBXVariantGroup section */
		7BA0E44B2AE105A200CDA322 /* LogIn.storyboard */ = {
			isa = PBXVariantGroup;
			children = (
				7BA0E44C2AE105A200CDA322 /* Base */,
			);
			name = LogIn.storyboard;
			sourceTree = "<group>";
		};
/* End PBXVariantGroup section */

/* Begin XCBuildConfiguration section */
		7BA0E4572AE105A300CDA322 /* Debug */ = {
			isa = XCBuildConfiguration;
			buildSettings = {
				ALWAYS_SEARCH_USER_PATHS = NO;
				ASSETCATALOG_COMPILER_GENERATE_SWIFT_ASSET_SYMBOL_EXTENSIONS = YES;
				CLANG_ANALYZER_NONNULL = YES;
				CLANG_ANALYZER_NUMBER_OBJECT_CONVERSION = YES_AGGRESSIVE;
				CLANG_CXX_LANGUAGE_STANDARD = "gnu++20";
				CLANG_ENABLE_MODULES = YES;
				CLANG_ENABLE_OBJC_ARC = YES;
				CLANG_ENABLE_OBJC_WEAK = YES;
				CLANG_WARN_BLOCK_CAPTURE_AUTORELEASING = YES;
				CLANG_WARN_BOOL_CONVERSION = YES;
				CLANG_WARN_COMMA = YES;
				CLANG_WARN_CONSTANT_CONVERSION = YES;
				CLANG_WARN_DEPRECATED_OBJC_IMPLEMENTATIONS = YES;
				CLANG_WARN_DIRECT_OBJC_ISA_USAGE = YES_ERROR;
				CLANG_WARN_DOCUMENTATION_COMMENTS = YES;
				CLANG_WARN_EMPTY_BODY = YES;
				CLANG_WARN_ENUM_CONVERSION = YES;
				CLANG_WARN_INFINITE_RECURSION = YES;
				CLANG_WARN_INT_CONVERSION = YES;
				CLANG_WARN_NON_LITERAL_NULL_CONVERSION = YES;
				CLANG_WARN_OBJC_IMPLICIT_RETAIN_SELF = YES;
				CLANG_WARN_OBJC_LITERAL_CONVERSION = YES;
				CLANG_WARN_OBJC_ROOT_CLASS = YES_ERROR;
				CLANG_WARN_QUOTED_INCLUDE_IN_FRAMEWORK_HEADER = YES;
				CLANG_WARN_RANGE_LOOP_ANALYSIS = YES;
				CLANG_WARN_STRICT_PROTOTYPES = YES;
				CLANG_WARN_SUSPICIOUS_MOVE = YES;
				CLANG_WARN_UNGUARDED_AVAILABILITY = YES_AGGRESSIVE;
				CLANG_WARN_UNREACHABLE_CODE = YES;
				CLANG_WARN__DUPLICATE_METHOD_MATCH = YES;
				COPY_PHASE_STRIP = NO;
				DEBUG_INFORMATION_FORMAT = dwarf;
				ENABLE_STRICT_OBJC_MSGSEND = YES;
				ENABLE_TESTABILITY = YES;
				ENABLE_USER_SCRIPT_SANDBOXING = YES;
				GCC_C_LANGUAGE_STANDARD = gnu17;
				GCC_DYNAMIC_NO_PIC = NO;
				GCC_NO_COMMON_BLOCKS = YES;
				GCC_OPTIMIZATION_LEVEL = 0;
				GCC_PREPROCESSOR_DEFINITIONS = (
					"DEBUG=1",
					"$(inherited)",
				);
				GCC_WARN_64_TO_32_BIT_CONVERSION = YES;
				GCC_WARN_ABOUT_RETURN_TYPE = YES_ERROR;
				GCC_WARN_UNDECLARED_SELECTOR = YES;
				GCC_WARN_UNINITIALIZED_AUTOS = YES_AGGRESSIVE;
				GCC_WARN_UNUSED_FUNCTION = YES;
				GCC_WARN_UNUSED_VARIABLE = YES;
				IPHONEOS_DEPLOYMENT_TARGET = 17.0;
				LOCALIZATION_PREFERS_STRING_CATALOGS = YES;
				MTL_ENABLE_DEBUG_INFO = INCLUDE_SOURCE;
				MTL_FAST_MATH = YES;
				ONLY_ACTIVE_ARCH = YES;
				SDKROOT = iphoneos;
				SWIFT_ACTIVE_COMPILATION_CONDITIONS = "DEBUG $(inherited)";
				SWIFT_OPTIMIZATION_LEVEL = "-Onone";
			};
			name = Debug;
		};
		7BA0E4582AE105A300CDA322 /* Release */ = {
			isa = XCBuildConfiguration;
			buildSettings = {
				ALWAYS_SEARCH_USER_PATHS = NO;
				ASSETCATALOG_COMPILER_GENERATE_SWIFT_ASSET_SYMBOL_EXTENSIONS = YES;
				CLANG_ANALYZER_NONNULL = YES;
				CLANG_ANALYZER_NUMBER_OBJECT_CONVERSION = YES_AGGRESSIVE;
				CLANG_CXX_LANGUAGE_STANDARD = "gnu++20";
				CLANG_ENABLE_MODULES = YES;
				CLANG_ENABLE_OBJC_ARC = YES;
				CLANG_ENABLE_OBJC_WEAK = YES;
				CLANG_WARN_BLOCK_CAPTURE_AUTORELEASING = YES;
				CLANG_WARN_BOOL_CONVERSION = YES;
				CLANG_WARN_COMMA = YES;
				CLANG_WARN_CONSTANT_CONVERSION = YES;
				CLANG_WARN_DEPRECATED_OBJC_IMPLEMENTATIONS = YES;
				CLANG_WARN_DIRECT_OBJC_ISA_USAGE = YES_ERROR;
				CLANG_WARN_DOCUMENTATION_COMMENTS = YES;
				CLANG_WARN_EMPTY_BODY = YES;
				CLANG_WARN_ENUM_CONVERSION = YES;
				CLANG_WARN_INFINITE_RECURSION = YES;
				CLANG_WARN_INT_CONVERSION = YES;
				CLANG_WARN_NON_LITERAL_NULL_CONVERSION = YES;
				CLANG_WARN_OBJC_IMPLICIT_RETAIN_SELF = YES;
				CLANG_WARN_OBJC_LITERAL_CONVERSION = YES;
				CLANG_WARN_OBJC_ROOT_CLASS = YES_ERROR;
				CLANG_WARN_QUOTED_INCLUDE_IN_FRAMEWORK_HEADER = YES;
				CLANG_WARN_RANGE_LOOP_ANALYSIS = YES;
				CLANG_WARN_STRICT_PROTOTYPES = YES;
				CLANG_WARN_SUSPICIOUS_MOVE = YES;
				CLANG_WARN_UNGUARDED_AVAILABILITY = YES_AGGRESSIVE;
				CLANG_WARN_UNREACHABLE_CODE = YES;
				CLANG_WARN__DUPLICATE_METHOD_MATCH = YES;
				COPY_PHASE_STRIP = NO;
				DEBUG_INFORMATION_FORMAT = "dwarf-with-dsym";
				ENABLE_NS_ASSERTIONS = NO;
				ENABLE_STRICT_OBJC_MSGSEND = YES;
				ENABLE_USER_SCRIPT_SANDBOXING = YES;
				GCC_C_LANGUAGE_STANDARD = gnu17;
				GCC_NO_COMMON_BLOCKS = YES;
				GCC_WARN_64_TO_32_BIT_CONVERSION = YES;
				GCC_WARN_ABOUT_RETURN_TYPE = YES_ERROR;
				GCC_WARN_UNDECLARED_SELECTOR = YES;
				GCC_WARN_UNINITIALIZED_AUTOS = YES_AGGRESSIVE;
				GCC_WARN_UNUSED_FUNCTION = YES;
				GCC_WARN_UNUSED_VARIABLE = YES;
				IPHONEOS_DEPLOYMENT_TARGET = 17.0;
				LOCALIZATION_PREFERS_STRING_CATALOGS = YES;
				MTL_ENABLE_DEBUG_INFO = NO;
				MTL_FAST_MATH = YES;
				SDKROOT = iphoneos;
				SWIFT_COMPILATION_MODE = wholemodule;
				VALIDATE_PRODUCT = YES;
			};
			name = Release;
		};
		7BA0E45A2AE105A300CDA322 /* Debug */ = {
			isa = XCBuildConfiguration;
			buildSettings = {
				ASSETCATALOG_COMPILER_APPICON_NAME = AppIcon;
				ASSETCATALOG_COMPILER_GLOBAL_ACCENT_COLOR_NAME = AccentColor;
				CODE_SIGN_STYLE = Automatic;
				CURRENT_PROJECT_VERSION = 1;
				DEVELOPMENT_TEAM = 73PJ5HL78M;
				GENERATE_INFOPLIST_FILE = YES;
				INFOPLIST_FILE = GenericCateringSystem/Info.plist;
				INFOPLIST_KEY_UIApplicationSupportsIndirectInputEvents = YES;
				INFOPLIST_KEY_UILaunchStoryboardName = LaunchScreen;
				INFOPLIST_KEY_UIMainStoryboardFile = LogIn;
				INFOPLIST_KEY_UISupportedInterfaceOrientations_iPad = "UIInterfaceOrientationLandscapeLeft UIInterfaceOrientationLandscapeRight";
				LD_RUNPATH_SEARCH_PATHS = (
					"$(inherited)",
					"@executable_path/Frameworks",
				);
				MARKETING_VERSION = 1.0;
				PRODUCT_BUNDLE_IDENTIFIER = AngusYeh.GenericCateringSystem;
				PRODUCT_NAME = "$(TARGET_NAME)";
				SUPPORTED_PLATFORMS = "iphoneos iphonesimulator";
				SUPPORTS_MACCATALYST = NO;
				SWIFT_EMIT_LOC_STRINGS = YES;
				SWIFT_VERSION = 5.0;
				TARGETED_DEVICE_FAMILY = 2;
			};
			name = Debug;
		};
		7BA0E45B2AE105A300CDA322 /* Release */ = {
			isa = XCBuildConfiguration;
			buildSettings = {
				ASSETCATALOG_COMPILER_APPICON_NAME = AppIcon;
				ASSETCATALOG_COMPILER_GLOBAL_ACCENT_COLOR_NAME = AccentColor;
				CODE_SIGN_STYLE = Automatic;
				CURRENT_PROJECT_VERSION = 1;
				DEVELOPMENT_TEAM = 73PJ5HL78M;
				GENERATE_INFOPLIST_FILE = YES;
				INFOPLIST_FILE = GenericCateringSystem/Info.plist;
				INFOPLIST_KEY_UIApplicationSupportsIndirectInputEvents = YES;
				INFOPLIST_KEY_UILaunchStoryboardName = LaunchScreen;
				INFOPLIST_KEY_UIMainStoryboardFile = LogIn;
				INFOPLIST_KEY_UISupportedInterfaceOrientations_iPad = "UIInterfaceOrientationLandscapeLeft UIInterfaceOrientationLandscapeRight";
				LD_RUNPATH_SEARCH_PATHS = (
					"$(inherited)",
					"@executable_path/Frameworks",
				);
				MARKETING_VERSION = 1.0;
				PRODUCT_BUNDLE_IDENTIFIER = AngusYeh.GenericCateringSystem;
				PRODUCT_NAME = "$(TARGET_NAME)";
				SUPPORTED_PLATFORMS = "iphoneos iphonesimulator";
				SUPPORTS_MACCATALYST = NO;
				SWIFT_EMIT_LOC_STRINGS = YES;
				SWIFT_VERSION = 5.0;
				TARGETED_DEVICE_FAMILY = 2;
			};
			name = Release;
		};
/* End XCBuildConfiguration section */

/* Begin XCConfigurationList section */
		7BA0E43D2AE105A200CDA322 /* Build configuration list for PBXProject "GenericCateringSystem" */ = {
			isa = XCConfigurationList;
			buildConfigurations = (
				7BA0E4572AE105A300CDA322 /* Debug */,
				7BA0E4582AE105A300CDA322 /* Release */,
			);
			defaultConfigurationIsVisible = 0;
			defaultConfigurationName = Release;
		};
		7BA0E4592AE105A300CDA322 /* Build configuration list for PBXNativeTarget "GenericCateringSystem" */ = {
			isa = XCConfigurationList;
			buildConfigurations = (
				7BA0E45A2AE105A300CDA322 /* Debug */,
				7BA0E45B2AE105A300CDA322 /* Release */,
			);
			defaultConfigurationIsVisible = 0;
			defaultConfigurationName = Release;
		};
/* End XCConfigurationList section */

/* Begin XCVersionGroup section */
		7BA0E44E2AE105A200CDA322 /* GenericCateringSystem.xcdatamodeld */ = {
			isa = XCVersionGroup;
			children = (
				7BA0E44F2AE105A200CDA322 /* GenericCateringSystem.xcdatamodel */,
			);
			currentVersion = 7BA0E44F2AE105A200CDA322 /* GenericCateringSystem.xcdatamodel */;
			path = GenericCateringSystem.xcdatamodeld;
			sourceTree = "<group>";
			versionGroupType = wrapper.xcdatamodel;
		};
/* End XCVersionGroup section */
	};
	rootObject = 7BA0E43A2AE105A200CDA322 /* Project object */;
}
